// !$*UTF8*$!
{
	archiveVersion = 1;
	classes = {
	};
	objectVersion = 46;
	objects = {

/* Begin PBXBuildFile section */
		7B47D32A164837DF00F33110 /* Cocoa.framework in Frameworks */ = {isa = PBXBuildFile; fileRef = E70E5C801354CBB900BAA5B0 /* Cocoa.framework */; };
		7B47D330164837DF00F33110 /* InfoPlist.strings in Resources */ = {isa = PBXBuildFile; fileRef = 7B47D32E164837DF00F33110 /* InfoPlist.strings */; };
		7B47D334164837DF00F33110 /* AtoZUI.m in Sources */ = {isa = PBXBuildFile; fileRef = 7B47D333164837DF00F33110 /* AtoZUI.m */; };
		7B47D33A1648382C00F33110 /* AtoZAppKit.framework in Frameworks */ = {isa = PBXBuildFile; fileRef = 7B47D3221648370500F33110 /* AtoZAppKit.framework */; };
		7B47D33B1648383100F33110 /* AtoZUI.h in Headers */ = {isa = PBXBuildFile; fileRef = 7B47D332164837DF00F33110 /* AtoZUI.h */; settings = {ATTRIBUTES = (Public, ); }; };
		7B47D33D1648384200F33110 /* AtoZAppKit.framework in CopyFiles */ = {isa = PBXBuildFile; fileRef = 7B47D3221648370500F33110 /* AtoZAppKit.framework */; };
		7B47D4061649689B00F33110 /* AtoZGridView.m in Sources */ = {isa = PBXBuildFile; fileRef = 7B47D4051649689600F33110 /* AtoZGridView.m */; };
		7B47D407164968AB00F33110 /* AtoZGridView.h in Headers */ = {isa = PBXBuildFile; fileRef = 7B47D4031649689600F33110 /* AtoZGridView.h */; settings = {ATTRIBUTES = (Public, ); }; };
		7B47D408164968AC00F33110 /* AtoZGridViewProtocols.h in Headers */ = {isa = PBXBuildFile; fileRef = 7B47D4041649689600F33110 /* AtoZGridViewProtocols.h */; settings = {ATTRIBUTES = (Public, ); }; };
		7B47D40B1649BBCC00F33110 /* AtoZUI.framework in Frameworks */ = {isa = PBXBuildFile; fileRef = 7B47D329164837DF00F33110 /* AtoZUI.framework */; };
		7B47D4101649BEDD00F33110 /* Quartz.framework in Frameworks */ = {isa = PBXBuildFile; fileRef = 7B47D40E1649BEDD00F33110 /* Quartz.framework */; };
		7B47D4111649BEDD00F33110 /* QuartzCore.framework in Frameworks */ = {isa = PBXBuildFile; fileRef = 7B47D40F1649BEDD00F33110 /* QuartzCore.framework */; };
		7BDF413F1649C625008B3240 /* AtoZ.framework in Frameworks */ = {isa = PBXBuildFile; fileRef = 7BDF413E1649C625008B3240 /* AtoZ.framework */; settings = {ATTRIBUTES = (Weak, ); }; };
		7BDF41401649C754008B3240 /* AtoZUI.framework in CopyFiles */ = {isa = PBXBuildFile; fileRef = 7B47D329164837DF00F33110 /* AtoZUI.framework */; };
		E70E5C811354CBB900BAA5B0 /* Cocoa.framework in Frameworks */ = {isa = PBXBuildFile; fileRef = E70E5C801354CBB900BAA5B0 /* Cocoa.framework */; };
		E70E5C8B1354CBB900BAA5B0 /* InfoPlist.strings in Resources */ = {isa = PBXBuildFile; fileRef = E70E5C891354CBB900BAA5B0 /* InfoPlist.strings */; };
		E70E5C8E1354CBB900BAA5B0 /* main.m in Sources */ = {isa = PBXBuildFile; fileRef = E70E5C8D1354CBB900BAA5B0 /* main.m */; };
		E70E5C941354CBB900BAA5B0 /* AtoZUIAppDelegate.m in Sources */ = {isa = PBXBuildFile; fileRef = E70E5C931354CBB900BAA5B0 /* AtoZUIAppDelegate.m */; };
		E70E5C971354CBB900BAA5B0 /* MainMenu.xib in Resources */ = {isa = PBXBuildFile; fileRef = E70E5C951354CBB900BAA5B0 /* MainMenu.xib */; };
/* End PBXBuildFile section */

/* Begin PBXContainerItemProxy section */
		7B47D3211648370500F33110 /* PBXContainerItemProxy */ = {
			isa = PBXContainerItemProxy;
			containerPortal = 7BFB9875163DC28000254DCF /* AtoZAppKit.xcodeproj */;
			proxyType = 2;
			remoteGlobalIDString = 53DF68FD067E5B5A0090B5B0;
			remoteInfo = AtoZAppKit;
		};
		7B47D338164837E700F33110 /* PBXContainerItemProxy */ = {
			isa = PBXContainerItemProxy;
			containerPortal = 7BFB9875163DC28000254DCF /* AtoZAppKit.xcodeproj */;
			proxyType = 1;
			remoteGlobalIDString = 53DF68FC067E5B5A0090B5B0;
			remoteInfo = AtoZAppKit;
		};
		7B47D4091649BBC100F33110 /* PBXContainerItemProxy */ = {
			isa = PBXContainerItemProxy;
			containerPortal = E70E5C731354CBB800BAA5B0 /* Project object */;
			proxyType = 1;
			remoteGlobalIDString = 7B47D328164837DF00F33110;
			remoteInfo = AtoZUI;
		};
/* End PBXContainerItemProxy section */

/* Begin PBXCopyFilesBuildPhase section */
		7B47D33C1648383600F33110 /* CopyFiles */ = {
			isa = PBXCopyFilesBuildPhase;
			buildActionMask = 2147483647;
			dstPath = "";
			dstSubfolderSpec = 10;
			files = (
				7B47D33D1648384200F33110 /* AtoZAppKit.framework in CopyFiles */,
			);
			runOnlyForDeploymentPostprocessing = 0;
		};
		E73CD0C81354CE88006D4D89 /* CopyFiles */ = {
			isa = PBXCopyFilesBuildPhase;
			buildActionMask = 2147483647;
			dstPath = "";
			dstSubfolderSpec = 10;
			files = (
				7BDF41401649C754008B3240 /* AtoZUI.framework in CopyFiles */,
			);
			runOnlyForDeploymentPostprocessing = 0;
		};
/* End PBXCopyFilesBuildPhase section */

/* Begin PBXFileReference section */
		7B47D329164837DF00F33110 /* AtoZUI.framework */ = {isa = PBXFileReference; explicitFileType = wrapper.framework; includeInIndex = 0; path = AtoZUI.framework; sourceTree = BUILT_PRODUCTS_DIR; };
		7B47D32D164837DF00F33110 /* AtoZUI-Info.plist */ = {isa = PBXFileReference; lastKnownFileType = text.plist.xml; path = "AtoZUI-Info.plist"; sourceTree = "<group>"; };
		7B47D32F164837DF00F33110 /* en */ = {isa = PBXFileReference; lastKnownFileType = text.plist.strings; name = en; path = en.lproj/InfoPlist.strings; sourceTree = "<group>"; };
		7B47D331164837DF00F33110 /* AtoZUI-Prefix.pch */ = {isa = PBXFileReference; lastKnownFileType = sourcecode.c.h; path = "AtoZUI-Prefix.pch"; sourceTree = "<group>"; };
		7B47D332164837DF00F33110 /* AtoZUI.h */ = {isa = PBXFileReference; lastKnownFileType = sourcecode.objj.h; name = AtoZUI.h; path = AtoZUI/AtoZUI.h; sourceTree = "<group>"; };
		7B47D333164837DF00F33110 /* AtoZUI.m */ = {isa = PBXFileReference; lastKnownFileType = sourcecode.c.objc; name = AtoZUI.m; path = AtoZUI/AtoZUI.m; sourceTree = "<group>"; };
		7B47D4031649689600F33110 /* AtoZGridView.h */ = {isa = PBXFileReference; lastKnownFileType = sourcecode.objj.h; name = AtoZGridView.h; path = AtoZUI/AtoZGridView.h; sourceTree = "<group>"; };
		7B47D4041649689600F33110 /* AtoZGridViewProtocols.h */ = {isa = PBXFileReference; lastKnownFileType = sourcecode.objj.h; name = AtoZGridViewProtocols.h; path = AtoZUI/AtoZGridViewProtocols.h; sourceTree = "<group>"; };
		7B47D4051649689600F33110 /* AtoZGridView.m */ = {isa = PBXFileReference; lastKnownFileType = sourcecode.c.objc; name = AtoZGridView.m; path = AtoZUI/AtoZGridView.m; sourceTree = "<group>"; };
		7B47D40E1649BEDD00F33110 /* Quartz.framework */ = {isa = PBXFileReference; lastKnownFileType = wrapper.framework; name = Quartz.framework; path = /System/Library/Frameworks/Quartz.framework; sourceTree = "<absolute>"; };
		7B47D40F1649BEDD00F33110 /* QuartzCore.framework */ = {isa = PBXFileReference; lastKnownFileType = wrapper.framework; name = QuartzCore.framework; path = /System/Library/Frameworks/QuartzCore.framework; sourceTree = "<absolute>"; };
		7BDF413E1649C625008B3240 /* AtoZ.framework */ = {isa = PBXFileReference; lastKnownFileType = wrapper.framework; name = AtoZ.framework; path = /Library/Frameworks/AtoZ.framework; sourceTree = "<absolute>"; };
		7BFB9875163DC28000254DCF /* AtoZAppKit.xcodeproj */ = {isa = PBXFileReference; lastKnownFileType = "wrapper.pb-project"; name = AtoZAppKit.xcodeproj; path = ../AtoZAppKit.xcodeproj; sourceTree = "<group>"; };
		E70E5C7C1354CBB900BAA5B0 /* AtoZUI.app */ = {isa = PBXFileReference; explicitFileType = wrapper.application; includeInIndex = 0; path = AtoZUI.app; sourceTree = BUILT_PRODUCTS_DIR; };
		E70E5C801354CBB900BAA5B0 /* Cocoa.framework */ = {isa = PBXFileReference; lastKnownFileType = wrapper.framework; name = Cocoa.framework; path = System/Library/Frameworks/Cocoa.framework; sourceTree = SDKROOT; };
		E70E5C831354CBB900BAA5B0 /* AppKit.framework */ = {isa = PBXFileReference; lastKnownFileType = wrapper.framework; name = AppKit.framework; path = System/Library/Frameworks/AppKit.framework; sourceTree = SDKROOT; };
		E70E5C841354CBB900BAA5B0 /* CoreData.framework */ = {isa = PBXFileReference; lastKnownFileType = wrapper.framework; name = CoreData.framework; path = System/Library/Frameworks/CoreData.framework; sourceTree = SDKROOT; };
		E70E5C851354CBB900BAA5B0 /* Foundation.framework */ = {isa = PBXFileReference; lastKnownFileType = wrapper.framework; name = Foundation.framework; path = System/Library/Frameworks/Foundation.framework; sourceTree = SDKROOT; };
		E70E5C881354CBB900BAA5B0 /* AtoZUI-Info.plist */ = {isa = PBXFileReference; lastKnownFileType = text.plist.xml; path = "AtoZUI-Info.plist"; sourceTree = "<group>"; };
		E70E5C8A1354CBB900BAA5B0 /* en */ = {isa = PBXFileReference; lastKnownFileType = text.plist.strings; name = en; path = en.lproj/InfoPlist.strings; sourceTree = "<group>"; };
		E70E5C8C1354CBB900BAA5B0 /* AtoZUI-Prefix.pch */ = {isa = PBXFileReference; lastKnownFileType = sourcecode.c.h; path = "AtoZUI-Prefix.pch"; sourceTree = "<group>"; };
		E70E5C8D1354CBB900BAA5B0 /* main.m */ = {isa = PBXFileReference; lastKnownFileType = sourcecode.c.objc; path = main.m; sourceTree = "<group>"; };
		E70E5C921354CBB900BAA5B0 /* AtoZUIAppDelegate.h */ = {isa = PBXFileReference; lastKnownFileType = sourcecode.objj.h; path = AtoZUIAppDelegate.h; sourceTree = "<group>"; };
		E70E5C931354CBB900BAA5B0 /* AtoZUIAppDelegate.m */ = {isa = PBXFileReference; lastKnownFileType = sourcecode.c.objc; path = AtoZUIAppDelegate.m; sourceTree = "<group>"; };
		E70E5C961354CBB900BAA5B0 /* en */ = {isa = PBXFileReference; lastKnownFileType = file.xib; name = en; path = en.lproj/MainMenu.xib; sourceTree = "<group>"; };
		E73CD0C51354CE5F006D4D89 /* BGHUDAppKit.framework */ = {isa = PBXFileReference; lastKnownFileType = wrapper.framework; name = BGHUDAppKit.framework; path = ../build/Debug/BGHUDAppKit.framework; sourceTree = "<group>"; };
/* End PBXFileReference section */

/* Begin PBXFrameworksBuildPhase section */
		7B47D325164837DF00F33110 /* Frameworks */ = {
			isa = PBXFrameworksBuildPhase;
			buildActionMask = 2147483647;
			files = (
				7BDF413F1649C625008B3240 /* AtoZ.framework in Frameworks */,
				7B47D4101649BEDD00F33110 /* Quartz.framework in Frameworks */,
				7B47D4111649BEDD00F33110 /* QuartzCore.framework in Frameworks */,
				7B47D33A1648382C00F33110 /* AtoZAppKit.framework in Frameworks */,
				7B47D32A164837DF00F33110 /* Cocoa.framework in Frameworks */,
			);
			runOnlyForDeploymentPostprocessing = 0;
		};
		E70E5C791354CBB900BAA5B0 /* Frameworks */ = {
			isa = PBXFrameworksBuildPhase;
			buildActionMask = 2147483647;
			files = (
				E70E5C811354CBB900BAA5B0 /* Cocoa.framework in Frameworks */,
				7B47D40B1649BBCC00F33110 /* AtoZUI.framework in Frameworks */,
			);
			runOnlyForDeploymentPostprocessing = 0;
		};
/* End PBXFrameworksBuildPhase section */

/* Begin PBXGroup section */
		7B47D31E1648370500F33110 /* Products */ = {
			isa = PBXGroup;
			children = (
				7B47D3221648370500F33110 /* AtoZAppKit.framework */,
			);
			name = Products;
			sourceTree = "<group>";
		};
		7B47D32C164837DF00F33110 /* Supporting Files */ = {
			isa = PBXGroup;
			children = (
				7B47D32D164837DF00F33110 /* AtoZUI-Info.plist */,
				7B47D32E164837DF00F33110 /* InfoPlist.strings */,
				7B47D331164837DF00F33110 /* AtoZUI-Prefix.pch */,
			);
			name = "Supporting Files";
			path = AtoZUI;
			sourceTree = "<group>";
		};
		E70E5C711354CBB800BAA5B0 = {
			isa = PBXGroup;
			children = (
				7B47D332164837DF00F33110 /* AtoZUI.h */,
				7B47D333164837DF00F33110 /* AtoZUI.m */,
				7B47D4031649689600F33110 /* AtoZGridView.h */,
				7B47D4051649689600F33110 /* AtoZGridView.m */,
				7B47D4041649689600F33110 /* AtoZGridViewProtocols.h */,
				7B47D32C164837DF00F33110 /* Supporting Files */,
				7BFB9875163DC28000254DCF /* AtoZAppKit.xcodeproj */,
				E70E5C861354CBB900BAA5B0 /* TEST */,
				E70E5C7F1354CBB900BAA5B0 /* Frameworks */,
				E70E5C7D1354CBB900BAA5B0 /* Products */,
			);
			sourceTree = "<group>";
		};
		E70E5C7D1354CBB900BAA5B0 /* Products */ = {
			isa = PBXGroup;
			children = (
				E70E5C7C1354CBB900BAA5B0 /* AtoZUI.app */,
				7B47D329164837DF00F33110 /* AtoZUI.framework */,
			);
			name = Products;
			sourceTree = "<group>";
		};
		E70E5C7F1354CBB900BAA5B0 /* Frameworks */ = {
			isa = PBXGroup;
			children = (
				7BDF413E1649C625008B3240 /* AtoZ.framework */,
				7B47D40E1649BEDD00F33110 /* Quartz.framework */,
				7B47D40F1649BEDD00F33110 /* QuartzCore.framework */,
				E70E5C801354CBB900BAA5B0 /* Cocoa.framework */,
				E70E5C821354CBB900BAA5B0 /* Other Frameworks */,
			);
			name = Frameworks;
			sourceTree = "<group>";
		};
		E70E5C821354CBB900BAA5B0 /* Other Frameworks */ = {
			isa = PBXGroup;
			children = (
				E73CD0C51354CE5F006D4D89 /* BGHUDAppKit.framework */,
				E70E5C831354CBB900BAA5B0 /* AppKit.framework */,
				E70E5C841354CBB900BAA5B0 /* CoreData.framework */,
				E70E5C851354CBB900BAA5B0 /* Foundation.framework */,
			);
			name = "Other Frameworks";
			sourceTree = "<group>";
		};
		E70E5C861354CBB900BAA5B0 /* TEST */ = {
			isa = PBXGroup;
			children = (
				E70E5C921354CBB900BAA5B0 /* AtoZUIAppDelegate.h */,
				E70E5C931354CBB900BAA5B0 /* AtoZUIAppDelegate.m */,
				E70E5C951354CBB900BAA5B0 /* MainMenu.xib */,
				E70E5C871354CBB900BAA5B0 /* Supporting Files */,
			);
			name = TEST;
			path = bghudtest;
			sourceTree = "<group>";
		};
		E70E5C871354CBB900BAA5B0 /* Supporting Files */ = {
			isa = PBXGroup;
			children = (
				E70E5C881354CBB900BAA5B0 /* AtoZUI-Info.plist */,
				E70E5C891354CBB900BAA5B0 /* InfoPlist.strings */,
				E70E5C8C1354CBB900BAA5B0 /* AtoZUI-Prefix.pch */,
				E70E5C8D1354CBB900BAA5B0 /* main.m */,
			);
			name = "Supporting Files";
			sourceTree = "<group>";
		};
/* End PBXGroup section */

/* Begin PBXHeadersBuildPhase section */
		7B47D326164837DF00F33110 /* Headers */ = {
			isa = PBXHeadersBuildPhase;
			buildActionMask = 2147483647;
			files = (
				7B47D33B1648383100F33110 /* AtoZUI.h in Headers */,
				7B47D407164968AB00F33110 /* AtoZGridView.h in Headers */,
				7B47D408164968AC00F33110 /* AtoZGridViewProtocols.h in Headers */,
			);
			runOnlyForDeploymentPostprocessing = 0;
		};
/* End PBXHeadersBuildPhase section */

/* Begin PBXNativeTarget section */
		7B47D328164837DF00F33110 /* AtoZUI */ = {
			isa = PBXNativeTarget;
			buildConfigurationList = 7B47D335164837DF00F33110 /* Build configuration list for PBXNativeTarget "AtoZUI" */;
			buildPhases = (
				7B47D33C1648383600F33110 /* CopyFiles */,
				7B47D326164837DF00F33110 /* Headers */,
				7B47D324164837DF00F33110 /* Sources */,
				7B47D325164837DF00F33110 /* Frameworks */,
				7B47D327164837DF00F33110 /* Resources */,
				7B47D4121649BFA300F33110 /* ShellScript */,
			);
			buildRules = (
			);
			dependencies = (
				7B47D339164837E700F33110 /* PBXTargetDependency */,
			);
			name = AtoZUI;
			productName = AtoZUI;
			productReference = 7B47D329164837DF00F33110 /* AtoZUI.framework */;
			productType = "com.apple.product-type.framework";
		};
		E70E5C7B1354CBB900BAA5B0 /* AtoZUITestApp */ = {
			isa = PBXNativeTarget;
			buildConfigurationList = E70E5C9A1354CBB900BAA5B0 /* Build configuration list for PBXNativeTarget "AtoZUITestApp" */;
			buildPhases = (
				E73CD0C81354CE88006D4D89 /* CopyFiles */,
				E70E5C781354CBB900BAA5B0 /* Sources */,
				E70E5C791354CBB900BAA5B0 /* Frameworks */,
				E70E5C7A1354CBB900BAA5B0 /* Resources */,
			);
			buildRules = (
			);
			dependencies = (
				7B47D40A1649BBC100F33110 /* PBXTargetDependency */,
			);
			name = AtoZUITestApp;
			productName = bghudtest;
			productReference = E70E5C7C1354CBB900BAA5B0 /* AtoZUI.app */;
			productType = "com.apple.product-type.application";
		};
/* End PBXNativeTarget section */

/* Begin PBXProject section */
		E70E5C731354CBB800BAA5B0 /* Project object */ = {
			isa = PBXProject;
			attributes = {
				LastUpgradeCheck = 0450;
				ORGANIZATIONNAME = none;
			};
			buildConfigurationList = E70E5C761354CBB800BAA5B0 /* Build configuration list for PBXProject "AtoZUI" */;
			compatibilityVersion = "Xcode 3.2";
			developmentRegion = English;
			hasScannedForEncodings = 0;
			knownRegions = (
				en,
			);
			mainGroup = E70E5C711354CBB800BAA5B0;
			productRefGroup = E70E5C7D1354CBB900BAA5B0 /* Products */;
			projectDirPath = "";
			projectReferences = (
				{
					ProductGroup = 7B47D31E1648370500F33110 /* Products */;
					ProjectRef = 7BFB9875163DC28000254DCF /* AtoZAppKit.xcodeproj */;
				},
			);
			projectRoot = "";
			targets = (
				E70E5C7B1354CBB900BAA5B0 /* AtoZUITestApp */,
				7B47D328164837DF00F33110 /* AtoZUI */,
			);
		};
/* End PBXProject section */

/* Begin PBXReferenceProxy section */
		7B47D3221648370500F33110 /* AtoZAppKit.framework */ = {
			isa = PBXReferenceProxy;
			fileType = wrapper.framework;
			path = AtoZAppKit.framework;
			remoteRef = 7B47D3211648370500F33110 /* PBXContainerItemProxy */;
			sourceTree = BUILT_PRODUCTS_DIR;
		};
/* End PBXReferenceProxy section */

/* Begin PBXResourcesBuildPhase section */
		7B47D327164837DF00F33110 /* Resources */ = {
			isa = PBXResourcesBuildPhase;
			buildActionMask = 2147483647;
			files = (
				7B47D330164837DF00F33110 /* InfoPlist.strings in Resources */,
			);
			runOnlyForDeploymentPostprocessing = 0;
		};
		E70E5C7A1354CBB900BAA5B0 /* Resources */ = {
			isa = PBXResourcesBuildPhase;
			buildActionMask = 2147483647;
			files = (
				E70E5C8B1354CBB900BAA5B0 /* InfoPlist.strings in Resources */,
				E70E5C971354CBB900BAA5B0 /* MainMenu.xib in Resources */,
			);
			runOnlyForDeploymentPostprocessing = 0;
		};
/* End PBXResourcesBuildPhase section */

/* Begin PBXShellScriptBuildPhase section */
		7B47D4121649BFA300F33110 /* ShellScript */ = {
			isa = PBXShellScriptBuildPhase;
			buildActionMask = 2147483647;
			files = (
			);
			inputPaths = (
			);
			outputPaths = (
			);
			runOnlyForDeploymentPostprocessing = 0;
			shellPath = /bin/sh;
			shellScript = "PRODUCT_PATH=\"${BUILT_PRODUCTS_DIR}/${WRAPPER_NAME}\"\ncd \"${PRODUCT_PATH}\"\nln -sF Versions/Current/Frameworks Frameworks\n";
		};
/* End PBXShellScriptBuildPhase section */

/* Begin PBXSourcesBuildPhase section */
		7B47D324164837DF00F33110 /* Sources */ = {
			isa = PBXSourcesBuildPhase;
			buildActionMask = 2147483647;
			files = (
				7B47D334164837DF00F33110 /* AtoZUI.m in Sources */,
				7B47D4061649689B00F33110 /* AtoZGridView.m in Sources */,
			);
			runOnlyForDeploymentPostprocessing = 0;
		};
		E70E5C781354CBB900BAA5B0 /* Sources */ = {
			isa = PBXSourcesBuildPhase;
			buildActionMask = 2147483647;
			files = (
				E70E5C8E1354CBB900BAA5B0 /* main.m in Sources */,
				E70E5C941354CBB900BAA5B0 /* AtoZUIAppDelegate.m in Sources */,
			);
			runOnlyForDeploymentPostprocessing = 0;
		};
/* End PBXSourcesBuildPhase section */

/* Begin PBXTargetDependency section */
		7B47D339164837E700F33110 /* PBXTargetDependency */ = {
			isa = PBXTargetDependency;
			name = AtoZAppKit;
			targetProxy = 7B47D338164837E700F33110 /* PBXContainerItemProxy */;
		};
		7B47D40A1649BBC100F33110 /* PBXTargetDependency */ = {
			isa = PBXTargetDependency;
			target = 7B47D328164837DF00F33110 /* AtoZUI */;
			targetProxy = 7B47D4091649BBC100F33110 /* PBXContainerItemProxy */;
		};
/* End PBXTargetDependency section */

/* Begin PBXVariantGroup section */
		7B47D32E164837DF00F33110 /* InfoPlist.strings */ = {
			isa = PBXVariantGroup;
			children = (
				7B47D32F164837DF00F33110 /* en */,
			);
			name = InfoPlist.strings;
			sourceTree = "<group>";
		};
		E70E5C891354CBB900BAA5B0 /* InfoPlist.strings */ = {
			isa = PBXVariantGroup;
			children = (
				E70E5C8A1354CBB900BAA5B0 /* en */,
			);
			name = InfoPlist.strings;
			sourceTree = "<group>";
		};
		E70E5C951354CBB900BAA5B0 /* MainMenu.xib */ = {
			isa = PBXVariantGroup;
			children = (
				E70E5C961354CBB900BAA5B0 /* en */,
			);
			name = MainMenu.xib;
			sourceTree = "<group>";
		};
/* End PBXVariantGroup section */

/* Begin XCBuildConfiguration section */
		7B47D336164837DF00F33110 /* Debug */ = {
			isa = XCBuildConfiguration;
			buildSettings = {
				ALWAYS_SEARCH_USER_PATHS = YES;
				ARCHS = "$(ARCHS_STANDARD_64_BIT)";
				CLANG_CXX_LANGUAGE_STANDARD = "compiler-default";
				CLANG_CXX_LIBRARY = "compiler-default";
				CLANG_ENABLE_OBJC_ARC = YES;
				CLANG_WARN_EMPTY_BODY = YES;
				CLANG_WARN__DUPLICATE_METHOD_MATCH = YES;
				COMBINE_HIDPI_IMAGES = YES;
				COPY_PHASE_STRIP = NO;
				DYLIB_COMPATIBILITY_VERSION = 1;
				DYLIB_CURRENT_VERSION = 1;
				FRAMEWORK_SEARCH_PATHS = (
					"$(inherited)",
					"/Library/Frameworks/**",
				);
				FRAMEWORK_VERSION = A;
				GCC_C_LANGUAGE_STANDARD = "compiler-default";
				GCC_DYNAMIC_NO_PIC = NO;
				GCC_ENABLE_OBJC_EXCEPTIONS = YES;
				GCC_INCREASE_PRECOMPILED_HEADER_SHARING = YES;
				GCC_PRECOMPILE_PREFIX_HEADER = YES;
				GCC_PREFIX_HEADER = "AtoZUI/AtoZUI-Prefix.pch";
				GCC_PREPROCESSOR_DEFINITIONS = (
					"DEBUG=1",
					"$(inherited)",
				);
				GCC_VERSION = "";
				GCC_WARN_64_TO_32_BIT_CONVERSION = NO;
				GCC_WARN_UNINITIALIZED_AUTOS = YES;
				INFOPLIST_FILE = "AtoZUI/AtoZUI-Info.plist";
				INSTALL_PATH = "@rpath//Frameworks";
				LD_RUNPATH_SEARCH_PATHS = "@loader_path/../Frameworks @loader_path/Frameworks @executable_path/../ @rpath \"/Library/Frameworks/**\"";
				MACOSX_DEPLOYMENT_TARGET = 10.7;
				OTHER_LDFLAGS = (
					"-all_load",
					"-ObjC",
					"-sub_umbrella",
					AtoZAppKit,
					"-sub_umbrella",
					AtoZ,
				);
				PRODUCT_NAME = "$(TARGET_NAME)";
				SDKROOT = "";
				SKIP_INSTALL = YES;
				WRAPPER_EXTENSION = framework;
			};
			name = Debug;
		};
		7B47D337164837DF00F33110 /* Release */ = {
			isa = XCBuildConfiguration;
			buildSettings = {
				ALWAYS_SEARCH_USER_PATHS = YES;
				ARCHS = "$(ARCHS_STANDARD_64_BIT)";
				CLANG_CXX_LANGUAGE_STANDARD = "compiler-default";
				CLANG_CXX_LIBRARY = "compiler-default";
				CLANG_ENABLE_OBJC_ARC = YES;
				CLANG_WARN_EMPTY_BODY = YES;
				CLANG_WARN__DUPLICATE_METHOD_MATCH = YES;
				COMBINE_HIDPI_IMAGES = YES;
				COPY_PHASE_STRIP = YES;
				DEBUG_INFORMATION_FORMAT = "dwarf-with-dsym";
				DYLIB_COMPATIBILITY_VERSION = 1;
				DYLIB_CURRENT_VERSION = 1;
				FRAMEWORK_SEARCH_PATHS = (
					"$(inherited)",
					"/Library/Frameworks/**",
				);
				FRAMEWORK_VERSION = A;
				GCC_C_LANGUAGE_STANDARD = "compiler-default";
				GCC_ENABLE_OBJC_EXCEPTIONS = YES;
				GCC_INCREASE_PRECOMPILED_HEADER_SHARING = YES;
				GCC_PRECOMPILE_PREFIX_HEADER = YES;
				GCC_PREFIX_HEADER = "AtoZUI/AtoZUI-Prefix.pch";
				GCC_VERSION = "";
				GCC_WARN_64_TO_32_BIT_CONVERSION = NO;
				GCC_WARN_UNINITIALIZED_AUTOS = YES;
				INFOPLIST_FILE = "AtoZUI/AtoZUI-Info.plist";
				INSTALL_PATH = "@rpath//Frameworks";
				LD_RUNPATH_SEARCH_PATHS = "@loader_path/../Frameworks @loader_path/Frameworks @executable_path/../ @rpath \"/Library/Frameworks/**\"";
				MACOSX_DEPLOYMENT_TARGET = 10.7;
				OTHER_LDFLAGS = (
					"-all_load",
					"-ObjC",
					"-sub_umbrella",
					AtoZAppKit,
					"-sub_umbrella",
					AtoZ,
				);
				PRODUCT_NAME = "$(TARGET_NAME)";
				SDKROOT = "";
				SKIP_INSTALL = YES;
				WRAPPER_EXTENSION = framework;
			};
			name = Release;
		};
		E70E5C981354CBB900BAA5B0 /* Debug */ = {
			isa = XCBuildConfiguration;
			buildSettings = {
				ARCHS = "$(ARCHS_STANDARD_64_BIT)";
				GCC_C_LANGUAGE_STANDARD = "compiler-default";
				GCC_OPTIMIZATION_LEVEL = 0;
				GCC_PREPROCESSOR_DEFINITIONS = "DEBUG=1";
				GCC_SYMBOLS_PRIVATE_EXTERN = NO;
				GCC_VERSION = com.apple.compilers.llvm.clang.1_0;
				GCC_WARN_64_TO_32_BIT_CONVERSION = YES;
				GCC_WARN_ABOUT_RETURN_TYPE = YES;
				GCC_WARN_UNUSED_VARIABLE = YES;
				MACOSX_DEPLOYMENT_TARGET = 10.7;
				ONLY_ACTIVE_ARCH = YES;
				SDKROOT = "";
			};
			name = Debug;
		};
		E70E5C991354CBB900BAA5B0 /* Release */ = {
			isa = XCBuildConfiguration;
			buildSettings = {
				ARCHS = "$(ARCHS_STANDARD_64_BIT)";
				GCC_C_LANGUAGE_STANDARD = "compiler-default";
				GCC_VERSION = com.apple.compilers.llvm.clang.1_0;
				GCC_WARN_64_TO_32_BIT_CONVERSION = YES;
				GCC_WARN_ABOUT_RETURN_TYPE = YES;
				GCC_WARN_UNUSED_VARIABLE = YES;
				MACOSX_DEPLOYMENT_TARGET = 10.7;
				SDKROOT = "";
			};
			name = Release;
		};
		E70E5C9B1354CBB900BAA5B0 /* Debug */ = {
			isa = XCBuildConfiguration;
			buildSettings = {
				ALWAYS_SEARCH_USER_PATHS = YES;
				ARCHS = "$(ARCHS_STANDARD_64_BIT)";
				CLANG_ENABLE_OBJC_ARC = YES;
				COMBINE_HIDPI_IMAGES = YES;
				COPY_PHASE_STRIP = NO;
				FRAMEWORK_SEARCH_PATHS = (
					"$(inherited)",
					"/Library/Frameworks/**",
				);
				GCC_C_LANGUAGE_STANDARD = "compiler-default";
				GCC_DYNAMIC_NO_PIC = NO;
				GCC_ENABLE_OBJC_EXCEPTIONS = YES;
				GCC_PRECOMPILE_PREFIX_HEADER = YES;
				GCC_PREFIX_HEADER = "bghudtest/AtoZUI-Prefix.pch";
				INFOPLIST_FILE = "bghudtest/AtoZUI-Info.plist";
				LD_RUNPATH_SEARCH_PATHS = "@loader_path/../Frameworks";
				ONLY_ACTIVE_ARCH = YES;
				PRODUCT_NAME = AtoZUI;
				SDKROOT = "";
				WRAPPER_EXTENSION = app;
			};
			name = Debug;
		};
		E70E5C9C1354CBB900BAA5B0 /* Release */ = {
			isa = XCBuildConfiguration;
			buildSettings = {
				ALWAYS_SEARCH_USER_PATHS = YES;
				ARCHS = "$(ARCHS_STANDARD_64_BIT)";
				CLANG_ENABLE_OBJC_ARC = YES;
				COMBINE_HIDPI_IMAGES = YES;
				COPY_PHASE_STRIP = YES;
				DEBUG_INFORMATION_FORMAT = "dwarf-with-dsym";
				FRAMEWORK_SEARCH_PATHS = (
					"$(inherited)",
					"/Library/Frameworks/**",
				);
				GCC_C_LANGUAGE_STANDARD = "compiler-default";
				GCC_ENABLE_OBJC_EXCEPTIONS = YES;
				GCC_PRECOMPILE_PREFIX_HEADER = YES;
				GCC_PREFIX_HEADER = "bghudtest/AtoZUI-Prefix.pch";
				INFOPLIST_FILE = "bghudtest/AtoZUI-Info.plist";
				LD_RUNPATH_SEARCH_PATHS = "@loader_path/../Frameworks";
				ONLY_ACTIVE_ARCH = YES;
				PRODUCT_NAME = AtoZUI;
				SDKROOT = "";
				WRAPPER_EXTENSION = app;
			};
			name = Release;
		};
/* End XCBuildConfiguration section */

/* Begin XCConfigurationList section */
		7B47D335164837DF00F33110 /* Build configuration list for PBXNativeTarget "AtoZUI" */ = {
			isa = XCConfigurationList;
			buildConfigurations = (
				7B47D336164837DF00F33110 /* Debug */,
				7B47D337164837DF00F33110 /* Release */,
			);
			defaultConfigurationIsVisible = 0;
			defaultConfigurationName = Release;
		};
		E70E5C761354CBB800BAA5B0 /* Build configuration list for PBXProject "AtoZUI" */ = {
			isa = XCConfigurationList;
			buildConfigurations = (
				E70E5C981354CBB900BAA5B0 /* Debug */,
				E70E5C991354CBB900BAA5B0 /* Release */,
			);
			defaultConfigurationIsVisible = 0;
			defaultConfigurationName = Release;
		};
		E70E5C9A1354CBB900BAA5B0 /* Build configuration list for PBXNativeTarget "AtoZUITestApp" */ = {
			isa = XCConfigurationList;
			buildConfigurations = (
				E70E5C9B1354CBB900BAA5B0 /* Debug */,
				E70E5C9C1354CBB900BAA5B0 /* Release */,
			);
			defaultConfigurationIsVisible = 0;
			defaultConfigurationName = Release;
		};
/* End XCConfigurationList section */
	};
	rootObject = E70E5C731354CBB800BAA5B0 /* Project object */;
}
